{
  "nodes": {
    "crate2nix": {
      "flake": false,
      "locked": {
        "lastModified": 1650460722,
        "narHash": "sha256-jk4SZ8iOnfJEceVULjyOAq4MrX9CfU5bCWMyZP9nJVA=",
        "owner": "kolloch",
        "repo": "crate2nix",
        "rev": "78258f27fc3121562a44eb02c652a5ec77cf8d02",
        "type": "github"
      },
      "original": {
        "owner": "kolloch",
        "repo": "crate2nix",
        "type": "github"
      }
    },
    "flake-utils": {
      "locked": {
        "lastModified": 1652372896,
        "narHash": "sha256-lURGussfF3mGrFPQT3zgW7+RC0pBhbHzco0C7I+ilow=",
        "owner": "numtide",
        "repo": "flake-utils",
        "rev": "0d347c56f6f41de822a4f4c7ff5072f3382db121",
        "type": "github"
      },
      "original": {
        "owner": "numtide",
        "repo": "flake-utils",
        "type": "github"
      }
    },
    "nixpkgs": {
      "locked": {
        "lastModified": 1652470260,
        "narHash": "sha256-hWOaZKLCIcsnDlMaxvGZevn+azR7ch2v5VDVaJArGbQ=",
        "owner": "nixos",
        "repo": "nixpkgs",
        "rev": "c0b9099f1356c8b741109ce58a0cba629458d88d",
        "type": "github"
      },
      "original": {
        "owner": "nixos",
        "repo": "nixpkgs",
        "type": "github"
      }
    },
    "root": {
      "inputs": {
        "crate2nix": "crate2nix",
        "flake-utils": "flake-utils",
        "nixpkgs": "nixpkgs"
      }
    }
  },
  "root": "root",
  "version": 7
}
